
Microsoft Visual Studio Solution File, Format Version 12.00
# Visual Studio Version 16
VisualStudioVersion = 16.0.30804.86
MinimumVisualStudioVersion = 10.0.40219.1
Project("{FAE04EC0-301F-11D3-BF4B-00C04F79EFBC}") = "AgeException", "AgeException\AgeException.csproj", "{C68AC825-6D56-4B95-B407-7500DB12E7FA}"
EndProject
Global
	GlobalSection(SolutionConfigurationPlatforms) = preSolution
		Debug|Any CPU = Debug|Any CPU
		Release|Any CPU = Release|Any CPU
	EndGlobalSection
	GlobalSection(ProjectConfigurationPlatforms) = postSolution
		{C68AC825-6D56-4B95-B407-7500DB12E7FA}.Debug|Any CPU.ActiveCfg = Debug|Any CPU
		{C68AC825-6D56-4B95-B407-7500DB12E7FA}.Debug|Any CPU.Build.0 = Debug|Any CPU
		{C68AC825-6D56-4B95-B407-7500DB12E7FA}.Release|Any CPU.ActiveCfg = Release|Any CPU
		{C68AC825-6D56-4B95-B407-7500DB12E7FA}.Release|Any CPU.Build.0 = Release|Any CPU
	EndGlobalSection
	GlobalSection(SolutionProperties) = preSolution
		HideSolutionNode = FALSE
	EndGlobalSection
	GlobalSection(ExtensibilityGlobals) = postSolution
		SolutionGuid = {00F4D626-A4D1-4EED-8967-636B56D80FF9}
	EndGlobalSection
EndGlobal
