
Microsoft Visual Studio Solution File, Format Version 12.00
# Visual Studio Version 16
VisualStudioVersion = 16.0.30804.86
MinimumVisualStudioVersion = 10.0.40219.1
Project("{FAE04EC0-301F-11D3-BF4B-00C04F79EFBC}") = "Stringy", "Stringy\Stringy.csproj", "{B2FBD936-EBCC-44F0-9DCA-3878D77B2FC2}"
EndProject
Global
	GlobalSection(SolutionConfigurationPlatforms) = preSolution
		Debug|Any CPU = Debug|Any CPU
		Release|Any CPU = Release|Any CPU
	EndGlobalSection
	GlobalSection(ProjectConfigurationPlatforms) = postSolution
		{B2FBD936-EBCC-44F0-9DCA-3878D77B2FC2}.Debug|Any CPU.ActiveCfg = Debug|Any CPU
		{B2FBD936-EBCC-44F0-9DCA-3878D77B2FC2}.Debug|Any CPU.Build.0 = Debug|Any CPU
		{B2FBD936-EBCC-44F0-9DCA-3878D77B2FC2}.Release|Any CPU.ActiveCfg = Release|Any CPU
		{B2FBD936-EBCC-44F0-9DCA-3878D77B2FC2}.Release|Any CPU.Build.0 = Release|Any CPU
	EndGlobalSection
	GlobalSection(SolutionProperties) = preSolution
		HideSolutionNode = FALSE
	EndGlobalSection
	GlobalSection(ExtensibilityGlobals) = postSolution
		SolutionGuid = {CE8458D4-FDF9-4812-BCD7-D90184217D7C}
	EndGlobalSection
EndGlobal
