
Microsoft Visual Studio Solution File, Format Version 12.00
# Visual Studio Version 16
VisualStudioVersion = 16.0.30804.86
MinimumVisualStudioVersion = 10.0.40219.1
Project("{FAE04EC0-301F-11D3-BF4B-00C04F79EFBC}") = "MathAndComparisonOperators", "MathAndComparisonOperators\MathAndComparisonOperators.csproj", "{9C5A7AAC-531C-4055-9E26-74F1F3A81C55}"
EndProject
Global
	GlobalSection(SolutionConfigurationPlatforms) = preSolution
		Debug|Any CPU = Debug|Any CPU
		Release|Any CPU = Release|Any CPU
	EndGlobalSection
	GlobalSection(ProjectConfigurationPlatforms) = postSolution
		{9C5A7AAC-531C-4055-9E26-74F1F3A81C55}.Debug|Any CPU.ActiveCfg = Debug|Any CPU
		{9C5A7AAC-531C-4055-9E26-74F1F3A81C55}.Debug|Any CPU.Build.0 = Debug|Any CPU
		{9C5A7AAC-531C-4055-9E26-74F1F3A81C55}.Release|Any CPU.ActiveCfg = Release|Any CPU
		{9C5A7AAC-531C-4055-9E26-74F1F3A81C55}.Release|Any CPU.Build.0 = Release|Any CPU
	EndGlobalSection
	GlobalSection(SolutionProperties) = preSolution
		HideSolutionNode = FALSE
	EndGlobalSection
	GlobalSection(ExtensibilityGlobals) = postSolution
		SolutionGuid = {300B8235-C182-4F38-8E50-993FAAEBD654}
	EndGlobalSection
EndGlobal
