
Microsoft Visual Studio Solution File, Format Version 12.00
# Visual Studio Version 16
VisualStudioVersion = 16.0.30804.86
MinimumVisualStudioVersion = 10.0.40219.1
Project("{FAE04EC0-301F-11D3-BF4B-00C04F79EFBC}") = "ExceptionHandling", "ExceptionHandling\ExceptionHandling.csproj", "{B02BCAB6-7CB0-4896-A5F8-46DBA5D397FD}"
EndProject
Global
	GlobalSection(SolutionConfigurationPlatforms) = preSolution
		Debug|Any CPU = Debug|Any CPU
		Release|Any CPU = Release|Any CPU
	EndGlobalSection
	GlobalSection(ProjectConfigurationPlatforms) = postSolution
		{B02BCAB6-7CB0-4896-A5F8-46DBA5D397FD}.Debug|Any CPU.ActiveCfg = Debug|Any CPU
		{B02BCAB6-7CB0-4896-A5F8-46DBA5D397FD}.Debug|Any CPU.Build.0 = Debug|Any CPU
		{B02BCAB6-7CB0-4896-A5F8-46DBA5D397FD}.Release|Any CPU.ActiveCfg = Release|Any CPU
		{B02BCAB6-7CB0-4896-A5F8-46DBA5D397FD}.Release|Any CPU.Build.0 = Release|Any CPU
	EndGlobalSection
	GlobalSection(SolutionProperties) = preSolution
		HideSolutionNode = FALSE
	EndGlobalSection
	GlobalSection(ExtensibilityGlobals) = postSolution
		SolutionGuid = {58BE337D-FB58-45A8-9927-9F00B76014BC}
	EndGlobalSection
EndGlobal
