
Microsoft Visual Studio Solution File, Format Version 12.00
# Visual Studio Version 16
VisualStudioVersion = 16.0.30804.86
MinimumVisualStudioVersion = 10.0.40219.1
Project("{FAE04EC0-301F-11D3-BF4B-00C04F79EFBC}") = "Iteration", "Iteration\Iteration.csproj", "{B4C98A77-0F4A-48B8-818A-6CDC4F1CA4E7}"
EndProject
Global
	GlobalSection(SolutionConfigurationPlatforms) = preSolution
		Debug|Any CPU = Debug|Any CPU
		Release|Any CPU = Release|Any CPU
	EndGlobalSection
	GlobalSection(ProjectConfigurationPlatforms) = postSolution
		{B4C98A77-0F4A-48B8-818A-6CDC4F1CA4E7}.Debug|Any CPU.ActiveCfg = Debug|Any CPU
		{B4C98A77-0F4A-48B8-818A-6CDC4F1CA4E7}.Debug|Any CPU.Build.0 = Debug|Any CPU
		{B4C98A77-0F4A-48B8-818A-6CDC4F1CA4E7}.Release|Any CPU.ActiveCfg = Release|Any CPU
		{B4C98A77-0F4A-48B8-818A-6CDC4F1CA4E7}.Release|Any CPU.Build.0 = Release|Any CPU
	EndGlobalSection
	GlobalSection(SolutionProperties) = preSolution
		HideSolutionNode = FALSE
	EndGlobalSection
	GlobalSection(ExtensibilityGlobals) = postSolution
		SolutionGuid = {609E4247-C8C9-4188-9670-4721CB65C766}
	EndGlobalSection
EndGlobal
